// !$*UTF8*$!
{
	archiveVersion = 1;
	classes = {
	};
	objectVersion = 48;
	objects = {

/* Begin PBXBuildFile section */
		F53365232035DB5600927F98 /* AppDelegate.swift in Sources */ = {isa = PBXBuildFile; fileRef = F53365222035DB5600927F98 /* AppDelegate.swift */; };
		F53365252035DB5600927F98 /* ViewController.swift in Sources */ = {isa = PBXBuildFile; fileRef = F53365242035DB5600927F98 /* ViewController.swift */; };
		F53365282035DB5600927F98 /* Main.storyboard in Resources */ = {isa = PBXBuildFile; fileRef = F53365262035DB5600927F98 /* Main.storyboard */; };
		F533652A2035DB5600927F98 /* Assets.xcassets in Resources */ = {isa = PBXBuildFile; fileRef = F53365292035DB5600927F98 /* Assets.xcassets */; };
		F533652D2035DB5600927F98 /* LaunchScreen.storyboard in Resources */ = {isa = PBXBuildFile; fileRef = F533652B2035DB5600927F98 /* LaunchScreen.storyboard */; };
		F53365382035DB5600927F98 /* linkLetterAndNumberTests.swift in Sources */ = {isa = PBXBuildFile; fileRef = F53365372035DB5600927F98 /* linkLetterAndNumberTests.swift */; };
		F53365432035DB5600927F98 /* linkLetterAndNumberUITests.swift in Sources */ = {isa = PBXBuildFile; fileRef = F53365422035DB5600927F98 /* linkLetterAndNumberUITests.swift */; };
/* End PBXBuildFile section */

/* Begin PBXContainerItemProxy section */
		F53365342035DB5600927F98 /* PBXContainerItemProxy */ = {
			isa = PBXContainerItemProxy;
			containerPortal = F53365172035DB5500927F98 /* Project object */;
			proxyType = 1;
			remoteGlobalIDString = F533651E2035DB5500927F98;
			remoteInfo = linkLetterAndNumber;
		};
		F533653F2035DB5600927F98 /* PBXContainerItemProxy */ = {
			isa = PBXContainerItemProxy;
			containerPortal = F53365172035DB5500927F98 /* Project object */;
			proxyType = 1;
			remoteGlobalIDString = F533651E2035DB5500927F98;
			remoteInfo = linkLetterAndNumber;
		};
/* End PBXContainerItemProxy section */

/* Begin PBXFileReference section */
		F533651F2035DB5600927F98 /* linkLetterAndNumber.app */ = {isa = PBXFileReference; explicitFileType = wrapper.application; includeInIndex = 0; path = linkLetterAndNumber.app; sourceTree = BUILT_PRODUCTS_DIR; };
		F53365222035DB5600927F98 /* AppDelegate.swift */ = {isa = PBXFileReference; lastKnownFileType = sourcecode.swift; path = AppDelegate.swift; sourceTree = "<group>"; };
		F53365242035DB5600927F98 /* ViewController.swift */ = {isa = PBXFileReference; lastKnownFileType = sourcecode.swift; path = ViewController.swift; sourceTree = "<group>"; };
		F53365272035DB5600927F98 /* Base */ = {isa = PBXFileReference; lastKnownFileType = file.storyboard; name = Base; path = Base.lproj/Main.storyboard; sourceTree = "<group>"; };
		F53365292035DB5600927F98 /* Assets.xcassets */ = {isa = PBXFileReference; lastKnownFileType = folder.assetcatalog; path = Assets.xcassets; sourceTree = "<group>"; };
		F533652C2035DB5600927F98 /* Base */ = {isa = PBXFileReference; lastKnownFileType = file.storyboard; name = Base; path = Base.lproj/LaunchScreen.storyboard; sourceTree = "<group>"; };
		F533652E2035DB5600927F98 /* Info.plist */ = {isa = PBXFileReference; lastKnownFileType = text.plist.xml; path = Info.plist; sourceTree = "<group>"; };
		F53365332035DB5600927F98 /* linkLetterAndNumberTests.xctest */ = {isa = PBXFileReference; explicitFileType = wrapper.cfbundle; includeInIndex = 0; path = linkLetterAndNumberTests.xctest; sourceTree = BUILT_PRODUCTS_DIR; };
		F53365372035DB5600927F98 /* linkLetterAndNumberTests.swift */ = {isa = PBXFileReference; lastKnownFileType = sourcecode.swift; path = linkLetterAndNumberTests.swift; sourceTree = "<group>"; };
		F53365392035DB5600927F98 /* Info.plist */ = {isa = PBXFileReference; lastKnownFileType = text.plist.xml; path = Info.plist; sourceTree = "<group>"; };
		F533653E2035DB5600927F98 /* linkLetterAndNumberUITests.xctest */ = {isa = PBXFileReference; explicitFileType = wrapper.cfbundle; includeInIndex = 0; path = linkLetterAndNumberUITests.xctest; sourceTree = BUILT_PRODUCTS_DIR; };
		F53365422035DB5600927F98 /* linkLetterAndNumberUITests.swift */ = {isa = PBXFileReference; lastKnownFileType = sourcecode.swift; path = linkLetterAndNumberUITests.swift; sourceTree = "<group>"; };
		F53365442035DB5600927F98 /* Info.plist */ = {isa = PBXFileReference; lastKnownFileType = text.plist.xml; path = Info.plist; sourceTree = "<group>"; };
/* End PBXFileReference section */

/* Begin PBXFrameworksBuildPhase section */
		F533651C2035DB5500927F98 /* Frameworks */ = {
			isa = PBXFrameworksBuildPhase;
			buildActionMask = 2147483647;
			files = (
			);
			runOnlyForDeploymentPostprocessing = 0;
		};
		F53365302035DB5600927F98 /* Frameworks */ = {
			isa = PBXFrameworksBuildPhase;
			buildActionMask = 2147483647;
			files = (
			);
			runOnlyForDeploymentPostprocessing = 0;
		};
		F533653B2035DB5600927F98 /* Frameworks */ = {
			isa = PBXFrameworksBuildPhase;
			buildActionMask = 2147483647;
			files = (
			);
			runOnlyForDeploymentPostprocessing = 0;
		};
/* End PBXFrameworksBuildPhase section */

/* Begin PBXGroup section */
		F53365162035DB5500927F98 = {
			isa = PBXGroup;
			children = (
				F53365212035DB5600927F98 /* linkLetterAndNumber */,
				F53365362035DB5600927F98 /* linkLetterAndNumberTests */,
				F53365412035DB5600927F98 /* linkLetterAndNumberUITests */,
				F53365202035DB5600927F98 /* Products */,
			);
			sourceTree = "<group>";
		};
		F53365202035DB5600927F98 /* Products */ = {
			isa = PBXGroup;
			children = (
				F533651F2035DB5600927F98 /* linkLetterAndNumber.app */,
				F53365332035DB5600927F98 /* linkLetterAndNumberTests.xctest */,
				F533653E2035DB5600927F98 /* linkLetterAndNumberUITests.xctest */,
			);
			name = Products;
			sourceTree = "<group>";
		};
		F53365212035DB5600927F98 /* linkLetterAndNumber */ = {
			isa = PBXGroup;
			children = (
				F53365222035DB5600927F98 /* AppDelegate.swift */,
				F53365242035DB5600927F98 /* ViewController.swift */,
				F53365262035DB5600927F98 /* Main.storyboard */,
				F53365292035DB5600927F98 /* Assets.xcassets */,
				F533652B2035DB5600927F98 /* LaunchScreen.storyboard */,
				F533652E2035DB5600927F98 /* Info.plist */,
			);
			path = linkLetterAndNumber;
			sourceTree = "<group>";
		};
		F53365362035DB5600927F98 /* linkLetterAndNumberTests */ = {
			isa = PBXGroup;
			children = (
				F53365372035DB5600927F98 /* linkLetterAndNumberTests.swift */,
				F53365392035DB5600927F98 /* Info.plist */,
			);
			path = linkLetterAndNumberTests;
			sourceTree = "<group>";
		};
		F53365412035DB5600927F98 /* linkLetterAndNumberUITests */ = {
			isa = PBXGroup;
			children = (
				F53365422035DB5600927F98 /* linkLetterAndNumberUITests.swift */,
				F53365442035DB5600927F98 /* Info.plist */,
			);
			path = linkLetterAndNumberUITests;
			sourceTree = "<group>";
		};
/* End PBXGroup section */

/* Begin PBXNativeTarget section */
		F533651E2035DB5500927F98 /* linkLetterAndNumber */ = {
			isa = PBXNativeTarget;
			buildConfigurationList = F53365472035DB5600927F98 /* Build configuration list for PBXNativeTarget "linkLetterAndNumber" */;
			buildPhases = (
				F533651B2035DB5500927F98 /* Sources */,
				F533651C2035DB5500927F98 /* Frameworks */,
				F533651D2035DB5500927F98 /* Resources */,
			);
			buildRules = (
			);
			dependencies = (
			);
			name = linkLetterAndNumber;
			productName = linkLetterAndNumber;
			productReference = F533651F2035DB5600927F98 /* linkLetterAndNumber.app */;
			productType = "com.apple.product-type.application";
		};
		F53365322035DB5600927F98 /* linkLetterAndNumberTests */ = {
			isa = PBXNativeTarget;
			buildConfigurationList = F533654A2035DB5600927F98 /* Build configuration list for PBXNativeTarget "linkLetterAndNumberTests" */;
			buildPhases = (
				F533652F2035DB5600927F98 /* Sources */,
				F53365302035DB5600927F98 /* Frameworks */,
				F53365312035DB5600927F98 /* Resources */,
			);
			buildRules = (
			);
			dependencies = (
				F53365352035DB5600927F98 /* PBXTargetDependency */,
			);
			name = linkLetterAndNumberTests;
			productName = linkLetterAndNumberTests;
			productReference = F53365332035DB5600927F98 /* linkLetterAndNumberTests.xctest */;
			productType = "com.apple.product-type.bundle.unit-test";
		};
		F533653D2035DB5600927F98 /* linkLetterAndNumberUITests */ = {
			isa = PBXNativeTarget;
			buildConfigurationList = F533654D2035DB5600927F98 /* Build configuration list for PBXNativeTarget "linkLetterAndNumberUITests" */;
			buildPhases = (
				F533653A2035DB5600927F98 /* Sources */,
				F533653B2035DB5600927F98 /* Frameworks */,
				F533653C2035DB5600927F98 /* Resources */,
			);
			buildRules = (
			);
			dependencies = (
				F53365402035DB5600927F98 /* PBXTargetDependency */,
			);
			name = linkLetterAndNumberUITests;
			productName = linkLetterAndNumberUITests;
			productReference = F533653E2035DB5600927F98 /* linkLetterAndNumberUITests.xctest */;
			productType = "com.apple.product-type.bundle.ui-testing";
		};
/* End PBXNativeTarget section */

/* Begin PBXProject section */
		F53365172035DB5500927F98 /* Project object */ = {
			isa = PBXProject;
			attributes = {
				LastSwiftUpdateCheck = 0920;
				LastUpgradeCheck = 0920;
				ORGANIZATIONNAME = "Antonio Giaquinto";
				TargetAttributes = {
					F533651E2035DB5500927F98 = {
						CreatedOnToolsVersion = 9.2;
						ProvisioningStyle = Automatic;
					};
					F53365322035DB5600927F98 = {
						CreatedOnToolsVersion = 9.2;
						ProvisioningStyle = Automatic;
						TestTargetID = F533651E2035DB5500927F98;
					};
					F533653D2035DB5600927F98 = {
						CreatedOnToolsVersion = 9.2;
						ProvisioningStyle = Automatic;
						TestTargetID = F533651E2035DB5500927F98;
					};
				};
			};
			buildConfigurationList = F533651A2035DB5500927F98 /* Build configuration list for PBXProject "linkLetterAndNumber" */;
			compatibilityVersion = "Xcode 8.0";
			developmentRegion = en;
			hasScannedForEncodings = 0;
			knownRegions = (
				en,
				Base,
			);
			mainGroup = F53365162035DB5500927F98;
			productRefGroup = F53365202035DB5600927F98 /* Products */;
			projectDirPath = "";
			projectRoot = "";
			targets = (
				F533651E2035DB5500927F98 /* linkLetterAndNumber */,
				F53365322035DB5600927F98 /* linkLetterAndNumberTests */,
				F533653D2035DB5600927F98 /* linkLetterAndNumberUITests */,
			);
		};
/* End PBXProject section */

/* Begin PBXResourcesBuildPhase section */
		F533651D2035DB5500927F98 /* Resources */ = {
			isa = PBXResourcesBuildPhase;
			buildActionMask = 2147483647;
			files = (
				F533652D2035DB5600927F98 /* LaunchScreen.storyboard in Resources */,
				F533652A2035DB5600927F98 /* Assets.xcassets in Resources */,
				F53365282035DB5600927F98 /* Main.storyboard in Resources */,
			);
			runOnlyForDeploymentPostprocessing = 0;
		};
		F53365312035DB5600927F98 /* Resources */ = {
			isa = PBXResourcesBuildPhase;
			buildActionMask = 2147483647;
			files = (
			);
			runOnlyForDeploymentPostprocessing = 0;
		};
		F533653C2035DB5600927F98 /* Resources */ = {
			isa = PBXResourcesBuildPhase;
			buildActionMask = 2147483647;
			files = (
			);
			runOnlyForDeploymentPostprocessing = 0;
		};
/* End PBXResourcesBuildPhase section */

/* Begin PBXSourcesBuildPhase section */
		F533651B2035DB5500927F98 /* Sources */ = {
			isa = PBXSourcesBuildPhase;
			buildActionMask = 2147483647;
			files = (
				F53365252035DB5600927F98 /* ViewController.swift in Sources */,
				F53365232035DB5600927F98 /* AppDelegate.swift in Sources */,
			);
			runOnlyForDeploymentPostprocessing = 0;
		};
		F533652F2035DB5600927F98 /* Sources */ = {
			isa = PBXSourcesBuildPhase;
			buildActionMask = 2147483647;
			files = (
				F53365382035DB5600927F98 /* linkLetterAndNumberTests.swift in Sources */,
			);
			runOnlyForDeploymentPostprocessing = 0;
		};
		F533653A2035DB5600927F98 /* Sources */ = {
			isa = PBXSourcesBuildPhase;
			buildActionMask = 2147483647;
			files = (
				F53365432035DB5600927F98 /* linkLetterAndNumberUITests.swift in Sources */,
			);
			runOnlyForDeploymentPostprocessing = 0;
		};
/* End PBXSourcesBuildPhase section */

/* Begin PBXTargetDependency section */
		F53365352035DB5600927F98 /* PBXTargetDependency */ = {
			isa = PBXTargetDependency;
			target = F533651E2035DB5500927F98 /* linkLetterAndNumber */;
			targetProxy = F53365342035DB5600927F98 /* PBXContainerItemProxy */;
		};
		F53365402035DB5600927F98 /* PBXTargetDependency */ = {
			isa = PBXTargetDependency;
			target = F533651E2035DB5500927F98 /* linkLetterAndNumber */;
			targetProxy = F533653F2035DB5600927F98 /* PBXContainerItemProxy */;
		};
/* End PBXTargetDependency section */

/* Begin PBXVariantGroup section */
		F53365262035DB5600927F98 /* Main.storyboard */ = {
			isa = PBXVariantGroup;
			children = (
				F53365272035DB5600927F98 /* Base */,
			);
			name = Main.storyboard;
			sourceTree = "<group>";
		};
		F533652B2035DB5600927F98 /* LaunchScreen.storyboard */ = {
			isa = PBXVariantGroup;
			children = (
				F533652C2035DB5600927F98 /* Base */,
			);
			name = LaunchScreen.storyboard;
			sourceTree = "<group>";
		};
/* End PBXVariantGroup section */

/* Begin XCBuildConfiguration section */
		F53365452035DB5600927F98 /* Debug */ = {
			isa = XCBuildConfiguration;
			buildSettings = {
				ALWAYS_SEARCH_USER_PATHS = NO;
				CLANG_ANALYZER_NONNULL = YES;
				CLANG_ANALYZER_NUMBER_OBJECT_CONVERSION = YES_AGGRESSIVE;
				CLANG_CXX_LANGUAGE_STANDARD = "gnu++14";
				CLANG_CXX_LIBRARY = "libc++";
				CLANG_ENABLE_MODULES = YES;
				CLANG_ENABLE_OBJC_ARC = YES;
				CLANG_WARN_BLOCK_CAPTURE_AUTORELEASING = YES;
				CLANG_WARN_BOOL_CONVERSION = YES;
				CLANG_WARN_COMMA = YES;
				CLANG_WARN_CONSTANT_CONVERSION = YES;
				CLANG_WARN_DIRECT_OBJC_ISA_USAGE = YES_ERROR;
				CLANG_WARN_DOCUMENTATION_COMMENTS = YES;
				CLANG_WARN_EMPTY_BODY = YES;
				CLANG_WARN_ENUM_CONVERSION = YES;
				CLANG_WARN_INFINITE_RECURSION = YES;
				CLANG_WARN_INT_CONVERSION = YES;
				CLANG_WARN_NON_LITERAL_NULL_CONVERSION = YES;
				CLANG_WARN_OBJC_LITERAL_CONVERSION = YES;
				CLANG_WARN_OBJC_ROOT_CLASS = YES_ERROR;
				CLANG_WARN_RANGE_LOOP_ANALYSIS = YES;
				CLANG_WARN_STRICT_PROTOTYPES = YES;
				CLANG_WARN_SUSPICIOUS_MOVE = YES;
				CLANG_WARN_UNGUARDED_AVAILABILITY = YES_AGGRESSIVE;
				CLANG_WARN_UNREACHABLE_CODE = YES;
				CLANG_WARN__DUPLICATE_METHOD_MATCH = YES;
				CODE_SIGN_IDENTITY = "iPhone Developer";
				COPY_PHASE_STRIP = NO;
				DEBUG_INFORMATION_FORMAT = dwarf;
				ENABLE_STRICT_OBJC_MSGSEND = YES;
				ENABLE_TESTABILITY = YES;
				GCC_C_LANGUAGE_STANDARD = gnu11;
				GCC_DYNAMIC_NO_PIC = NO;
				GCC_NO_COMMON_BLOCKS = YES;
				GCC_OPTIMIZATION_LEVEL = 0;
				GCC_PREPROCESSOR_DEFINITIONS = (
					"DEBUG=1",
					"$(inherited)",
				);
				GCC_WARN_64_TO_32_BIT_CONVERSION = YES;
				GCC_WARN_ABOUT_RETURN_TYPE = YES_ERROR;
				GCC_WARN_UNDECLARED_SELECTOR = YES;
				GCC_WARN_UNINITIALIZED_AUTOS = YES_AGGRESSIVE;
				GCC_WARN_UNUSED_FUNCTION = YES;
				GCC_WARN_UNUSED_VARIABLE = YES;
				IPHONEOS_DEPLOYMENT_TARGET = 11.2;
				MTL_ENABLE_DEBUG_INFO = YES;
				ONLY_ACTIVE_ARCH = YES;
				SDKROOT = iphoneos;
				SWIFT_ACTIVE_COMPILATION_CONDITIONS = DEBUG;
				SWIFT_OPTIMIZATION_LEVEL = "-Onone";
			};
			name = Debug;
		};
		F53365462035DB5600927F98 /* Release */ = {
			isa = XCBuildConfiguration;
			buildSettings = {
				ALWAYS_SEARCH_USER_PATHS = NO;
				CLANG_ANALYZER_NONNULL = YES;
				CLANG_ANALYZER_NUMBER_OBJECT_CONVERSION = YES_AGGRESSIVE;
				CLANG_CXX_LANGUAGE_STANDARD = "gnu++14";
				CLANG_CXX_LIBRARY = "libc++";
				CLANG_ENABLE_MODULES = YES;
				CLANG_ENABLE_OBJC_ARC = YES;
				CLANG_WARN_BLOCK_CAPTURE_AUTORELEASING = YES;
				CLANG_WARN_BOOL_CONVERSION = YES;
				CLANG_WARN_COMMA = YES;
				CLANG_WARN_CONSTANT_CONVERSION = YES;
				CLANG_WARN_DIRECT_OBJC_ISA_USAGE = YES_ERROR;
				CLANG_WARN_DOCUMENTATION_COMMENTS = YES;
				CLANG_WARN_EMPTY_BODY = YES;
				CLANG_WARN_ENUM_CONVERSION = YES;
				CLANG_WARN_INFINITE_RECURSION = YES;
				CLANG_WARN_INT_CONVERSION = YES;
				CLANG_WARN_NON_LITERAL_NULL_CONVERSION = YES;
				CLANG_WARN_OBJC_LITERAL_CONVERSION = YES;
				CLANG_WARN_OBJC_ROOT_CLASS = YES_ERROR;
				CLANG_WARN_RANGE_LOOP_ANALYSIS = YES;
				CLANG_WARN_STRICT_PROTOTYPES = YES;
				CLANG_WARN_SUSPICIOUS_MOVE = YES;
				CLANG_WARN_UNGUARDED_AVAILABILITY = YES_AGGRESSIVE;
				CLANG_WARN_UNREACHABLE_CODE = YES;
				CLANG_WARN__DUPLICATE_METHOD_MATCH = YES;
				CODE_SIGN_IDENTITY = "iPhone Developer";
				COPY_PHASE_STRIP = NO;
				DEBUG_INFORMATION_FORMAT = "dwarf-with-dsym";
				ENABLE_NS_ASSERTIONS = NO;
				ENABLE_STRICT_OBJC_MSGSEND = YES;
				GCC_C_LANGUAGE_STANDARD = gnu11;
				GCC_NO_COMMON_BLOCKS = YES;
				GCC_WARN_64_TO_32_BIT_CONVERSION = YES;
				GCC_WARN_ABOUT_RETURN_TYPE = YES_ERROR;
				GCC_WARN_UNDECLARED_SELECTOR = YES;
				GCC_WARN_UNINITIALIZED_AUTOS = YES_AGGRESSIVE;
				GCC_WARN_UNUSED_FUNCTION = YES;
				GCC_WARN_UNUSED_VARIABLE = YES;
				IPHONEOS_DEPLOYMENT_TARGET = 11.2;
				MTL_ENABLE_DEBUG_INFO = NO;
				SDKROOT = iphoneos;
				SWIFT_OPTIMIZATION_LEVEL = "-Owholemodule";
				VALIDATE_PRODUCT = YES;
			};
			name = Release;
		};
		F53365482035DB5600927F98 /* Debug */ = {
			isa = XCBuildConfiguration;
			buildSettings = {
				ASSETCATALOG_COMPILER_APPICON_NAME = AppIcon;
				CODE_SIGN_STYLE = Automatic;
				DEVELOPMENT_TEAM = 37V3WA9RMD;
				INFOPLIST_FILE = linkLetterAndNumber/Info.plist;
				LD_RUNPATH_SEARCH_PATHS = "$(inherited) @executable_path/Frameworks";
				PRODUCT_BUNDLE_IDENTIFIER = KnightClub.linkLetterAndNumber;
				PRODUCT_NAME = "$(TARGET_NAME)";
				SWIFT_VERSION = 4.0;
				TARGETED_DEVICE_FAMILY = "1,2";
			};
			name = Debug;
		};
		F53365492035DB5600927F98 /* Release */ = {
			isa = XCBuildConfiguration;
			buildSettings = {
				ASSETCATALOG_COMPILER_APPICON_NAME = AppIcon;
				CODE_SIGN_STYLE = Automatic;
				DEVELOPMENT_TEAM = 37V3WA9RMD;
				INFOPLIST_FILE = linkLetterAndNumber/Info.plist;
				LD_RUNPATH_SEARCH_PATHS = "$(inherited) @executable_path/Frameworks";
				PRODUCT_BUNDLE_IDENTIFIER = KnightClub.linkLetterAndNumber;
				PRODUCT_NAME = "$(TARGET_NAME)";
				SWIFT_VERSION = 4.0;
				TARGETED_DEVICE_FAMILY = "1,2";
			};
			name = Release;
		};
		F533654B2035DB5600927F98 /* Debug */ = {
			isa = XCBuildConfiguration;
			buildSettings = {
				ALWAYS_EMBED_SWIFT_STANDARD_LIBRARIES = YES;
				BUNDLE_LOADER = "$(TEST_HOST)";
				CODE_SIGN_STYLE = Automatic;
				DEVELOPMENT_TEAM = 37V3WA9RMD;
				INFOPLIST_FILE = linkLetterAndNumberTests/Info.plist;
				LD_RUNPATH_SEARCH_PATHS = "$(inherited) @executable_path/Frameworks @loader_path/Frameworks";
				PRODUCT_BUNDLE_IDENTIFIER = KnightClub.linkLetterAndNumberTests;
				PRODUCT_NAME = "$(TARGET_NAME)";
				SWIFT_VERSION = 4.0;
				TARGETED_DEVICE_FAMILY = "1,2";
				TEST_HOST = "$(BUILT_PRODUCTS_DIR)/linkLetterAndNumber.app/linkLetterAndNumber";
			};
			name = Debug;
		};
		F533654C2035DB5600927F98 /* Release */ = {
			isa = XCBuildConfiguration;
			buildSettings = {
				ALWAYS_EMBED_SWIFT_STANDARD_LIBRARIES = YES;
				BUNDLE_LOADER = "$(TEST_HOST)";
				CODE_SIGN_STYLE = Automatic;
				DEVELOPMENT_TEAM = 37V3WA9RMD;
				INFOPLIST_FILE = linkLetterAndNumberTests/Info.plist;
				LD_RUNPATH_SEARCH_PATHS = "$(inherited) @executable_path/Frameworks @loader_path/Frameworks";
				PRODUCT_BUNDLE_IDENTIFIER = KnightClub.linkLetterAndNumberTests;
				PRODUCT_NAME = "$(TARGET_NAME)";
				SWIFT_VERSION = 4.0;
				TARGETED_DEVICE_FAMILY = "1,2";
				TEST_HOST = "$(BUILT_PRODUCTS_DIR)/linkLetterAndNumber.app/linkLetterAndNumber";
			};
			name = Release;
		};
		F533654E2035DB5600927F98 /* Debug */ = {
			isa = XCBuildConfiguration;
			buildSettings = {
				ALWAYS_EMBED_SWIFT_STANDARD_LIBRARIES = YES;
				CODE_SIGN_STYLE = Automatic;
				DEVELOPMENT_TEAM = 37V3WA9RMD;
				INFOPLIST_FILE = linkLetterAndNumberUITests/Info.plist;
				LD_RUNPATH_SEARCH_PATHS = "$(inherited) @executable_path/Frameworks @loader_path/Frameworks";
				PRODUCT_BUNDLE_IDENTIFIER = KnightClub.linkLetterAndNumberUITests;
				PRODUCT_NAME = "$(TARGET_NAME)";
				SWIFT_VERSION = 4.0;
				TARGETED_DEVICE_FAMILY = "1,2";
				TEST_TARGET_NAME = linkLetterAndNumber;
			};
			name = Debug;
		};
		F533654F2035DB5600927F98 /* Release */ = {
			isa = XCBuildConfiguration;
			buildSettings = {
				ALWAYS_EMBED_SWIFT_STANDARD_LIBRARIES = YES;
				CODE_SIGN_STYLE = Automatic;
				DEVELOPMENT_TEAM = 37V3WA9RMD;
				INFOPLIST_FILE = linkLetterAndNumberUITests/Info.plist;
				LD_RUNPATH_SEARCH_PATHS = "$(inherited) @executable_path/Frameworks @loader_path/Frameworks";
				PRODUCT_BUNDLE_IDENTIFIER = KnightClub.linkLetterAndNumberUITests;
				PRODUCT_NAME = "$(TARGET_NAME)";
				SWIFT_VERSION = 4.0;
				TARGETED_DEVICE_FAMILY = "1,2";
				TEST_TARGET_NAME = linkLetterAndNumber;
			};
			name = Release;
		};
/* End XCBuildConfiguration section */

/* Begin XCConfigurationList section */
		F533651A2035DB5500927F98 /* Build configuration list for PBXProject "linkLetterAndNumber" */ = {
			isa = XCConfigurationList;
			buildConfigurations = (
				F53365452035DB5600927F98 /* Debug */,
				F53365462035DB5600927F98 /* Release */,
			);
			defaultConfigurationIsVisible = 0;
			defaultConfigurationName = Release;
		};
		F53365472035DB5600927F98 /* Build configuration list for PBXNativeTarget "linkLetterAndNumber" */ = {
			isa = XCConfigurationList;
			buildConfigurations = (
				F53365482035DB5600927F98 /* Debug */,
				F53365492035DB5600927F98 /* Release */,
			);
			defaultConfigurationIsVisible = 0;
			defaultConfigurationName = Release;
		};
		F533654A2035DB5600927F98 /* Build configuration list for PBXNativeTarget "linkLetterAndNumberTests" */ = {
			isa = XCConfigurationList;
			buildConfigurations = (
				F533654B2035DB5600927F98 /* Debug */,
				F533654C2035DB5600927F98 /* Release */,
			);
			defaultConfigurationIsVisible = 0;
			defaultConfigurationName = Release;
		};
		F533654D2035DB5600927F98 /* Build configuration list for PBXNativeTarget "linkLetterAndNumberUITests" */ = {
			isa = XCConfigurationList;
			buildConfigurations = (
				F533654E2035DB5600927F98 /* Debug */,
				F533654F2035DB5600927F98 /* Release */,
			);
			defaultConfigurationIsVisible = 0;
			defaultConfigurationName = Release;
		};
/* End XCConfigurationList section */
	};
	rootObject = F53365172035DB5500927F98 /* Project object */;
}
